{
    "version": 3,
    "terraform_version": "0.11.1",
    "serial": 2,
    "lineage": "4c9867b5-596d-4ca2-b4aa-eccf5141196f",
    "modules": [
        {
            "path": [
                "root"
            ],
            "outputs": {
                "efs-mount-target-dns": {
                    "sensitive": false,
                    "type": "string",
                    "value": "fs-1eff1256.efs.us-east-1.amazonaws.com"
                },
                "instance-public-ip": {
                    "sensitive": false,
                    "type": "string",
                    "value": "35.171.154.113"
                }
            },
            "resources": {
                "aws_efs_file_system.main": {
                    "type": "aws_efs_file_system",
                    "depends_on": [],
                    "primary": {
                        "id": "fs-1eff1256",
                        "attributes": {
                            "creation_token": "terraform-20180211132308784900000001",
                            "dns_name": "fs-1eff1256.efs.us-east-1.amazonaws.com",
                            "encrypted": "false",
                            "id": "fs-1eff1256",
                            "kms_key_id": "",
                            "performance_mode": "generalPurpose",
                            "tags.%": "1",
                            "tags.Name": "locks-test-fs"
                        },
                        "meta": {},
                        "tainted": false
                    },
                    "deposed": [],
                    "provider": "provider.aws"
                },
                "aws_efs_mount_target.main": {
                    "type": "aws_efs_mount_target",
                    "depends_on": [
                        "aws_efs_file_system.main",
                        "aws_security_group.efs"
                    ],
                    "primary": {
                        "id": "fsmt-4044b608",
                        "attributes": {
                            "dns_name": "fs-1eff1256.efs.us-east-1.amazonaws.com",
                            "file_system_id": "fs-1eff1256",
                            "id": "fsmt-4044b608",
                            "ip_address": "172.31.79.78",
                            "network_interface_id": "eni-94faca59",
                            "security_groups.#": "1",
                            "security_groups.105312469": "sg-78d5be0f",
                            "subnet_id": "subnet-2f635d02"
                        },
                        "meta": {},
                        "tainted": false
                    },
                    "deposed": [],
                    "provider": "provider.aws"
                },
                "aws_instance.main": {
                    "type": "aws_instance",
                    "depends_on": [
                        "aws_key_pair.main",
                        "aws_security_group.instance",
                        "data.aws_ami.ubuntu"
                    ],
                    "primary": {
                        "id": "i-06e4661f649d0a281",
                        "attributes": {
                            "ami": "ami-28516d52",
                            "associate_public_ip_address": "true",
                            "availability_zone": "us-east-1a",
                            "disable_api_termination": "false",
                            "ebs_block_device.#": "0",
                            "ebs_optimized": "false",
                            "ephemeral_block_device.#": "0",
                            "iam_instance_profile": "",
                            "id": "i-06e4661f649d0a281",
                            "instance_state": "running",
                            "instance_type": "t2.micro",
                            "ipv6_addresses.#": "0",
                            "key_name": "efs-locks-test-key",
                            "monitoring": "false",
                            "network_interface.#": "0",
                            "network_interface_id": "eni-36fcccfb",
                            "placement_group": "",
                            "primary_network_interface_id": "eni-36fcccfb",
                            "private_dns": "ip-172-31-79-91.ec2.internal",
                            "private_ip": "172.31.79.91",
                            "public_dns": "ec2-35-171-154-113.compute-1.amazonaws.com",
                            "public_ip": "35.171.154.113",
                            "root_block_device.#": "1",
                            "root_block_device.0.delete_on_termination": "true",
                            "root_block_device.0.iops": "100",
                            "root_block_device.0.volume_id": "vol-0feffaa39a04d7715",
                            "root_block_device.0.volume_size": "8",
                            "root_block_device.0.volume_type": "gp2",
                            "security_groups.#": "1",
                            "security_groups.3207122276": "main",
                            "source_dest_check": "true",
                            "subnet_id": "subnet-2f635d02",
                            "tags.%": "0",
                            "tenancy": "default",
                            "volume_tags.%": "0",
                            "vpc_security_group_ids.#": "1",
                            "vpc_security_group_ids.1287129889": "sg-d5d4bfa2"
                        },
                        "meta": {
                            "e2bfb730-ecaa-11e6-8f88-34363bc7c4c0": {
                                "create": 600000000000,
                                "delete": 600000000000,
                                "update": 600000000000
                            },
                            "schema_version": "1"
                        },
                        "tainted": false
                    },
                    "deposed": [],
                    "provider": "provider.aws"
                },
                "aws_key_pair.main": {
                    "type": "aws_key_pair",
                    "depends_on": [],
                    "primary": {
                        "id": "efs-locks-test-key",
                        "attributes": {
                            "id": "efs-locks-test-key",
                            "key_name": "efs-locks-test-key",
                            "public_key": "ssh-rsa AAAAB3NzaC1yc2EAAAADAQABAAACAQClJfn9mgzWoiR+sS9ThFYc7k81Thm6EQJpoFj3rV+6PYk0d4E1mbbcHXxp3SDyNy/4uFEfr+Z07i2u3iH4g8iS0ebzompf2KhRBoFAz3r2GSrsoAbXmNTHBIJSTQBbb0e99Z1UN6m1LIARn8YrYMp2AWxFx55pTA1by47AgblUySCCSOfqMsTQlgB3tZIsl2VyzVgg0r0qD/7hruU3o1SkPuSVgvV5OZ4zcwArPoY5he+Vbfmxuq7tkOrNyDBUsxjAcdvmPbJqOVjRXFI0T9sQSGgypy5R5vBBWfn1tQ48xnHaBd6z2neizGASYn1a7rcLhptXXP8eDVyb0RLSLBG/Uxf1R5eDEZ5b0vFLmfz6SGFzXX6HgixQW5mFoEBOdr87s2CUEmJHFQ27TlAHfjRDQWH0S3CRCcRuSL2D73rDCCP5XF4OvtgmxslDXKuN3J1QjP+sMV0cd7aRv3fYDQfBXUnfzNrCsU2iG3RBTNRPPHcmuBgxu7FPKFj9ThMHPJ6RROX5EJOEKrlBZTPXS4T4bOZliHwDBRfG+BNN8Rlzp6zyxVZE0wQDXeTz4cmUg7gxFDk4ZbaJ2rOu3Wc/ZOZmJ0hyDSlKunCAKZTXEIlh6A5VvWCdfsTJ5gFAA4Zy8x8Bb6vZxAt4Qovi1+q61bzix1N+M9MoeidS5WUu+0RNKQ== test@ops.tips"
                        },
                        "meta": {
                            "schema_version": "1"
                        },
                        "tainted": false
                    },
                    "deposed": [],
                    "provider": "provider.aws"
                },
                "aws_security_group.efs": {
                    "type": "aws_security_group",
                    "depends_on": [
                        "data.aws_vpc.default"
                    ],
                    "primary": {
                        "id": "sg-78d5be0f",
                        "attributes": {
                            "description": "Allows NFS traffic from instances within the VPC.",
                            "egress.#": "1",
                            "egress.4239152136.cidr_blocks.#": "1",
                            "egress.4239152136.cidr_blocks.0": "172.31.0.0/16",
                            "egress.4239152136.description": "",
                            "egress.4239152136.from_port": "2049",
                            "egress.4239152136.ipv6_cidr_blocks.#": "0",
                            "egress.4239152136.prefix_list_ids.#": "0",
                            "egress.4239152136.protocol": "tcp",
                            "egress.4239152136.security_groups.#": "0",
                            "egress.4239152136.self": "false",
                            "egress.4239152136.to_port": "2049",
                            "id": "sg-78d5be0f",
                            "ingress.#": "1",
                            "ingress.4239152136.cidr_blocks.#": "1",
                            "ingress.4239152136.cidr_blocks.0": "172.31.0.0/16",
                            "ingress.4239152136.description": "",
                            "ingress.4239152136.from_port": "2049",
                            "ingress.4239152136.ipv6_cidr_blocks.#": "0",
                            "ingress.4239152136.protocol": "tcp",
                            "ingress.4239152136.security_groups.#": "0",
                            "ingress.4239152136.self": "false",
                            "ingress.4239152136.to_port": "2049",
                            "name": "efs-mnt",
                            "owner_id": "461528445026",
                            "revoke_rules_on_delete": "false",
                            "tags.%": "1",
                            "tags.Name": "allow_nfs-ec2",
                            "vpc_id": "vpc-9bd185fd"
                        },
                        "meta": {
                            "schema_version": "1"
                        },
                        "tainted": false
                    },
                    "deposed": [],
                    "provider": "provider.aws"
                },
                "aws_security_group.instance": {
                    "type": "aws_security_group",
                    "depends_on": [
                        "data.aws_vpc.default"
                    ],
                    "primary": {
                        "id": "sg-d5d4bfa2",
                        "attributes": {
                            "description": "Allows SSH traffic into instances as well as all eggress.",
                            "egress.#": "1",
                            "egress.482069346.cidr_blocks.#": "1",
                            "egress.482069346.cidr_blocks.0": "0.0.0.0/0",
                            "egress.482069346.description": "",
                            "egress.482069346.from_port": "0",
                            "egress.482069346.ipv6_cidr_blocks.#": "0",
                            "egress.482069346.prefix_list_ids.#": "0",
                            "egress.482069346.protocol": "-1",
                            "egress.482069346.security_groups.#": "0",
                            "egress.482069346.self": "false",
                            "egress.482069346.to_port": "0",
                            "id": "sg-d5d4bfa2",
                            "ingress.#": "1",
                            "ingress.2541437006.cidr_blocks.#": "1",
                            "ingress.2541437006.cidr_blocks.0": "0.0.0.0/0",
                            "ingress.2541437006.description": "",
                            "ingress.2541437006.from_port": "22",
                            "ingress.2541437006.ipv6_cidr_blocks.#": "0",
                            "ingress.2541437006.protocol": "tcp",
                            "ingress.2541437006.security_groups.#": "0",
                            "ingress.2541437006.self": "false",
                            "ingress.2541437006.to_port": "22",
                            "name": "main",
                            "owner_id": "461528445026",
                            "revoke_rules_on_delete": "false",
                            "tags.%": "1",
                            "tags.Name": "allow_ssh-all",
                            "vpc_id": "vpc-9bd185fd"
                        },
                        "meta": {
                            "schema_version": "1"
                        },
                        "tainted": false
                    },
                    "deposed": [],
                    "provider": "provider.aws"
                },
                "data.aws_ami.ubuntu": {
                    "type": "aws_ami",
                    "depends_on": [],
                    "primary": {
                        "id": "ami-28516d52",
                        "attributes": {
                            "architecture": "x86_64",
                            "block_device_mappings.#": "3",
                            "block_device_mappings.1634610537.device_name": "/dev/sdb",
                            "block_device_mappings.1634610537.ebs.%": "0",
                            "block_device_mappings.1634610537.no_device": "",
                            "block_device_mappings.1634610537.virtual_name": "ephemeral0",
                            "block_device_mappings.2547816212.device_name": "/dev/sda1",
                            "block_device_mappings.2547816212.ebs.%": "6",
                            "block_device_mappings.2547816212.ebs.delete_on_termination": "true",
                            "block_device_mappings.2547816212.ebs.encrypted": "false",
                            "block_device_mappings.2547816212.ebs.iops": "0",
                            "block_device_mappings.2547816212.ebs.snapshot_id": "snap-027a535a5f8d7f79b",
                            "block_device_mappings.2547816212.ebs.volume_size": "8",
                            "block_device_mappings.2547816212.ebs.volume_type": "gp2",
                            "block_device_mappings.2547816212.no_device": "",
                            "block_device_mappings.2547816212.virtual_name": "",
                            "block_device_mappings.3850042718.device_name": "/dev/sdc",
                            "block_device_mappings.3850042718.ebs.%": "0",
                            "block_device_mappings.3850042718.no_device": "",
                            "block_device_mappings.3850042718.virtual_name": "ephemeral1",
                            "creation_date": "2018-01-26T22:04:11.000Z",
                            "description": "Canonical, Ubuntu, 17.10, amd64 artful image build on 2018-01-26",
                            "filter.#": "2",
                            "filter.1073875599.name": "name",
                            "filter.1073875599.values.#": "1",
                            "filter.1073875599.values.0": "ubuntu/images/hvm-ssd/ubuntu-artful-17.10-amd64-server-*",
                            "filter.490168357.name": "virtualization-type",
                            "filter.490168357.values.#": "1",
                            "filter.490168357.values.0": "hvm",
                            "hypervisor": "xen",
                            "id": "ami-28516d52",
                            "image_id": "ami-28516d52",
                            "image_location": "099720109477/ubuntu/images/hvm-ssd/ubuntu-artful-17.10-amd64-server-20180126",
                            "image_type": "machine",
                            "most_recent": "true",
                            "name": "ubuntu/images/hvm-ssd/ubuntu-artful-17.10-amd64-server-20180126",
                            "owner_id": "099720109477",
                            "owners.#": "1",
                            "owners.0": "099720109477",
                            "product_codes.#": "0",
                            "public": "true",
                            "root_device_name": "/dev/sda1",
                            "root_device_type": "ebs",
                            "root_snapshot_id": "snap-027a535a5f8d7f79b",
                            "sriov_net_support": "simple",
                            "state": "available",
                            "state_reason.%": "2",
                            "state_reason.code": "UNSET",
                            "state_reason.message": "UNSET",
                            "tags.%": "0",
                            "virtualization_type": "hvm"
                        },
                        "meta": {},
                        "tainted": false
                    },
                    "deposed": [],
                    "provider": "provider.aws"
                },
                "data.aws_vpc.default": {
                    "type": "aws_vpc",
                    "depends_on": [],
                    "primary": {
                        "id": "vpc-9bd185fd",
                        "attributes": {
                            "cidr_block": "172.31.0.0/16",
                            "default": "true",
                            "dhcp_options_id": "dopt-ab267bcc",
                            "enable_dns_hostnames": "true",
                            "enable_dns_support": "true",
                            "id": "vpc-9bd185fd",
                            "instance_tenancy": "default",
                            "state": "available",
                            "tags.%": "0"
                        },
                        "meta": {},
                        "tainted": false
                    },
                    "deposed": [],
                    "provider": "provider.aws"
                }
            },
            "depends_on": []
        }
    ]
}
